
Microsoft Visual Studio Solution File, Format Version 12.00
# Visual Studio Version 17
VisualStudioVersion = 17.9.34723.18
MinimumVisualStudioVersion = 10.0.40219.1
Project("{FAE04EC0-301F-11D3-BF4B-00C04F79EFBC}") = "KeyStoneEmployee_Dapper_In_MultiLayers", "KeyStoneEmployee_Dapper_In_MultiLayers\KeyStoneEmployee_Dapper_In_MultiLayers.csproj", "{48B704FF-9CEB-43A3-BA32-72E2DD5FAAC7}"
EndProject
Project("{FAE04EC0-301F-11D3-BF4B-00C04F79EFBC}") = "KeyStoneEmployeeManageMent_BusinessObject", "KeyStoneEmployeeManageMent_BusinessObject\KeyStoneEmployeeManageMent_BusinessObject.csproj", "{B9C70A57-8C36-40AA-BBF2-BC6DE433B72A}"
EndProject
Project("{FAE04EC0-301F-11D3-BF4B-00C04F79EFBC}") = "KeyStoneEmployeeManageMent_DataBaseLogic", "KeyStoneEmployeeManageMent_DataBaseLogic\KeyStoneEmployeeManageMent_DataBaseLogic.csproj", "{24185575-033B-4827-8CE6-139F97349579}"
EndProject
Project("{FAE04EC0-301F-11D3-BF4B-00C04F79EFBC}") = "KeyStoneEmployeeManageMent_RepositaryLayer", "KeyStoneEmployeeManageMent_RepositaryLayer\KeyStoneEmployeeManageMent_RepositaryLayer.csproj", "{B1B05FD6-7838-4355-8BFA-F205FB6EA4D5}"
EndProject
Project("{FAE04EC0-301F-11D3-BF4B-00C04F79EFBC}") = "KeyStoneEmployeeManageMent_ServiceLayer", "KeyStoneEmployeeManageMent_ServiceLayer\KeyStoneEmployeeManageMent_ServiceLayer.csproj", "{244E0C41-C4BF-42C1-866E-949E634FA08A}"
EndProject
Global
	GlobalSection(SolutionConfigurationPlatforms) = preSolution
		Debug|Any CPU = Debug|Any CPU
		Release|Any CPU = Release|Any CPU
	EndGlobalSection
	GlobalSection(ProjectConfigurationPlatforms) = postSolution
		{48B704FF-9CEB-43A3-BA32-72E2DD5FAAC7}.Debug|Any CPU.ActiveCfg = Debug|Any CPU
		{48B704FF-9CEB-43A3-BA32-72E2DD5FAAC7}.Debug|Any CPU.Build.0 = Debug|Any CPU
		{48B704FF-9CEB-43A3-BA32-72E2DD5FAAC7}.Release|Any CPU.ActiveCfg = Release|Any CPU
		{48B704FF-9CEB-43A3-BA32-72E2DD5FAAC7}.Release|Any CPU.Build.0 = Release|Any CPU
		{B9C70A57-8C36-40AA-BBF2-BC6DE433B72A}.Debug|Any CPU.ActiveCfg = Debug|Any CPU
		{B9C70A57-8C36-40AA-BBF2-BC6DE433B72A}.Debug|Any CPU.Build.0 = Debug|Any CPU
		{B9C70A57-8C36-40AA-BBF2-BC6DE433B72A}.Release|Any CPU.ActiveCfg = Release|Any CPU
		{B9C70A57-8C36-40AA-BBF2-BC6DE433B72A}.Release|Any CPU.Build.0 = Release|Any CPU
		{24185575-033B-4827-8CE6-139F97349579}.Debug|Any CPU.ActiveCfg = Debug|Any CPU
		{24185575-033B-4827-8CE6-139F97349579}.Debug|Any CPU.Build.0 = Debug|Any CPU
		{24185575-033B-4827-8CE6-139F97349579}.Release|Any CPU.ActiveCfg = Release|Any CPU
		{24185575-033B-4827-8CE6-139F97349579}.Release|Any CPU.Build.0 = Release|Any CPU
		{B1B05FD6-7838-4355-8BFA-F205FB6EA4D5}.Debug|Any CPU.ActiveCfg = Debug|Any CPU
		{B1B05FD6-7838-4355-8BFA-F205FB6EA4D5}.Debug|Any CPU.Build.0 = Debug|Any CPU
		{B1B05FD6-7838-4355-8BFA-F205FB6EA4D5}.Release|Any CPU.ActiveCfg = Release|Any CPU
		{B1B05FD6-7838-4355-8BFA-F205FB6EA4D5}.Release|Any CPU.Build.0 = Release|Any CPU
		{244E0C41-C4BF-42C1-866E-949E634FA08A}.Debug|Any CPU.ActiveCfg = Debug|Any CPU
		{244E0C41-C4BF-42C1-866E-949E634FA08A}.Debug|Any CPU.Build.0 = Debug|Any CPU
		{244E0C41-C4BF-42C1-866E-949E634FA08A}.Release|Any CPU.ActiveCfg = Release|Any CPU
		{244E0C41-C4BF-42C1-866E-949E634FA08A}.Release|Any CPU.Build.0 = Release|Any CPU
	EndGlobalSection
	GlobalSection(SolutionProperties) = preSolution
		HideSolutionNode = FALSE
	EndGlobalSection
	GlobalSection(ExtensibilityGlobals) = postSolution
		SolutionGuid = {85A69307-88D7-4B11-9656-0AE25A011575}
	EndGlobalSection
EndGlobal
